
Microsoft Visual Studio Solution File, Format Version 12.00
# Visual Studio Version 17
VisualStudioVersion = 17.9.34728.123
MinimumVisualStudioVersion = 10.0.40219.1
Project("{FAE04EC0-301F-11D3-BF4B-00C04F79EFBC}") = "BookStore", "BookStore\BookStore.csproj", "{4521A8B4-E06F-4FA7-9EC9-2192E6A40CA9}"
EndProject
Global
	GlobalSection(SolutionConfigurationPlatforms) = preSolution
		Debug|Any CPU = Debug|Any CPU
		Release|Any CPU = Release|Any CPU
	EndGlobalSection
	GlobalSection(ProjectConfigurationPlatforms) = postSolution
		{4521A8B4-E06F-4FA7-9EC9-2192E6A40CA9}.Debug|Any CPU.ActiveCfg = Debug|Any CPU
		{4521A8B4-E06F-4FA7-9EC9-2192E6A40CA9}.Debug|Any CPU.Build.0 = Debug|Any CPU
		{4521A8B4-E06F-4FA7-9EC9-2192E6A40CA9}.Release|Any CPU.ActiveCfg = Release|Any CPU
		{4521A8B4-E06F-4FA7-9EC9-2192E6A40CA9}.Release|Any CPU.Build.0 = Release|Any CPU
	EndGlobalSection
	GlobalSection(SolutionProperties) = preSolution
		HideSolutionNode = FALSE
	EndGlobalSection
	GlobalSection(ExtensibilityGlobals) = postSolution
		SolutionGuid = {3DD93C11-7D2C-4747-BE83-EB14006C51CA}
	EndGlobalSection
EndGlobal
